// !$*UTF8*$!
{
	archiveVersion = 1;
	classes = {
	};
	objectVersion = 56;
	objects = {

/* Begin PBXBuildFile section */
		D22E862E2B0FB9DC00F5231E /* AppDelegate.swift in Sources */ = {isa = PBXBuildFile; fileRef = D22E862D2B0FB9DC00F5231E /* AppDelegate.swift */; };
		D22E86302B0FB9DC00F5231E /* SceneDelegate.swift in Sources */ = {isa = PBXBuildFile; fileRef = D22E862F2B0FB9DC00F5231E /* SceneDelegate.swift */; };
		D22E86322B0FB9DC00F5231E /* ViewController.swift in Sources */ = {isa = PBXBuildFile; fileRef = D22E86312B0FB9DC00F5231E /* ViewController.swift */; };
		D22E86352B0FB9DC00F5231E /* Main.storyboard in Resources */ = {isa = PBXBuildFile; fileRef = D22E86332B0FB9DC00F5231E /* Main.storyboard */; };
		D22E86372B0FB9DF00F5231E /* Assets.xcassets in Resources */ = {isa = PBXBuildFile; fileRef = D22E86362B0FB9DF00F5231E /* Assets.xcassets */; };
		D22E863A2B0FB9DF00F5231E /* LaunchScreen.storyboard in Resources */ = {isa = PBXBuildFile; fileRef = D22E86382B0FB9DF00F5231E /* LaunchScreen.storyboard */; };
		D22E86452B0FBD2600F5231E /* ViewBuilder.swift in Sources */ = {isa = PBXBuildFile; fileRef = D22E86442B0FBD2600F5231E /* ViewBuilder.swift */; };
		D22E86472B0FBD6400F5231E /* VIewManager.swift in Sources */ = {isa = PBXBuildFile; fileRef = D22E86462B0FBD6400F5231E /* VIewManager.swift */; };
		D22E864B2B0FC21100F5231E /* UIColor.ext.swift in Sources */ = {isa = PBXBuildFile; fileRef = D22E864A2B0FC21100F5231E /* UIColor.ext.swift */; };
		D248CCC32B171C390007B97F /* ColorCell.swift in Sources */ = {isa = PBXBuildFile; fileRef = D248CCC22B171C390007B97F /* ColorCell.swift */; };
		D248CCC52B171C4C0007B97F /* IconCell.swift in Sources */ = {isa = PBXBuildFile; fileRef = D248CCC42B171C4C0007B97F /* IconCell.swift */; };
		D2BB28C12B1869FB00BFF3AB /* UILable.ext.swift in Sources */ = {isa = PBXBuildFile; fileRef = D2BB28C02B1869FB00BFF3AB /* UILable.ext.swift */; };
/* End PBXBuildFile section */

/* Begin PBXFileReference section */
		D22E862A2B0FB9DC00F5231E /* bankcard.app */ = {isa = PBXFileReference; explicitFileType = wrapper.application; includeInIndex = 0; path = bankcard.app; sourceTree = BUILT_PRODUCTS_DIR; };
		D22E862D2B0FB9DC00F5231E /* AppDelegate.swift */ = {isa = PBXFileReference; lastKnownFileType = sourcecode.swift; path = AppDelegate.swift; sourceTree = "<group>"; };
		D22E862F2B0FB9DC00F5231E /* SceneDelegate.swift */ = {isa = PBXFileReference; lastKnownFileType = sourcecode.swift; path = SceneDelegate.swift; sourceTree = "<group>"; };
		D22E86312B0FB9DC00F5231E /* ViewController.swift */ = {isa = PBXFileReference; lastKnownFileType = sourcecode.swift; path = ViewController.swift; sourceTree = "<group>"; };
		D22E86342B0FB9DC00F5231E /* Base */ = {isa = PBXFileReference; lastKnownFileType = file.storyboard; name = Base; path = Base.lproj/Main.storyboard; sourceTree = "<group>"; };
		D22E86362B0FB9DF00F5231E /* Assets.xcassets */ = {isa = PBXFileReference; lastKnownFileType = folder.assetcatalog; path = Assets.xcassets; sourceTree = "<group>"; };
		D22E86392B0FB9DF00F5231E /* Base */ = {isa = PBXFileReference; lastKnownFileType = file.storyboard; name = Base; path = Base.lproj/LaunchScreen.storyboard; sourceTree = "<group>"; };
		D22E863B2B0FB9DF00F5231E /* Info.plist */ = {isa = PBXFileReference; lastKnownFileType = text.plist.xml; path = Info.plist; sourceTree = "<group>"; };
		D22E86442B0FBD2600F5231E /* ViewBuilder.swift */ = {isa = PBXFileReference; lastKnownFileType = sourcecode.swift; path = ViewBuilder.swift; sourceTree = "<group>"; };
		D22E86462B0FBD6400F5231E /* VIewManager.swift */ = {isa = PBXFileReference; lastKnownFileType = sourcecode.swift; path = VIewManager.swift; sourceTree = "<group>"; };
		D22E864A2B0FC21100F5231E /* UIColor.ext.swift */ = {isa = PBXFileReference; lastKnownFileType = sourcecode.swift; path = UIColor.ext.swift; sourceTree = "<group>"; };
		D248CCC22B171C390007B97F /* ColorCell.swift */ = {isa = PBXFileReference; lastKnownFileType = sourcecode.swift; path = ColorCell.swift; sourceTree = "<group>"; };
		D248CCC42B171C4C0007B97F /* IconCell.swift */ = {isa = PBXFileReference; lastKnownFileType = sourcecode.swift; path = IconCell.swift; sourceTree = "<group>"; };
		D2BB28C02B1869FB00BFF3AB /* UILable.ext.swift */ = {isa = PBXFileReference; lastKnownFileType = sourcecode.swift; path = UILable.ext.swift; sourceTree = "<group>"; };
/* End PBXFileReference section */

/* Begin PBXFrameworksBuildPhase section */
		D22E86272B0FB9DC00F5231E /* Frameworks */ = {
			isa = PBXFrameworksBuildPhase;
			buildActionMask = 2147483647;
			files = (
			);
			runOnlyForDeploymentPostprocessing = 0;
		};
/* End PBXFrameworksBuildPhase section */

/* Begin PBXGroup section */
		D22E86212B0FB9DC00F5231E = {
			isa = PBXGroup;
			children = (
				D22E862C2B0FB9DC00F5231E /* bankcard */,
				D22E862B2B0FB9DC00F5231E /* Products */,
			);
			sourceTree = "<group>";
		};
		D22E862B2B0FB9DC00F5231E /* Products */ = {
			isa = PBXGroup;
			children = (
				D22E862A2B0FB9DC00F5231E /* bankcard.app */,
			);
			name = Products;
			sourceTree = "<group>";
		};
		D22E862C2B0FB9DC00F5231E /* bankcard */ = {
			isa = PBXGroup;
			children = (
				D22E86432B0FBD0E00F5231E /* Ext */,
				D22E86412B0FBCFE00F5231E /* View */,
				D22E862D2B0FB9DC00F5231E /* AppDelegate.swift */,
				D22E862F2B0FB9DC00F5231E /* SceneDelegate.swift */,
				D22E86312B0FB9DC00F5231E /* ViewController.swift */,
				D22E86332B0FB9DC00F5231E /* Main.storyboard */,
				D22E86362B0FB9DF00F5231E /* Assets.xcassets */,
				D22E86382B0FB9DF00F5231E /* LaunchScreen.storyboard */,
				D22E863B2B0FB9DF00F5231E /* Info.plist */,
			);
			path = bankcard;
			sourceTree = "<group>";
		};
		D22E86412B0FBCFE00F5231E /* View */ = {
			isa = PBXGroup;
			children = (
				D22E86442B0FBD2600F5231E /* ViewBuilder.swift */,
				D22E86462B0FBD6400F5231E /* VIewManager.swift */,
				D22E86422B0FBD0600F5231E /* Cell */,
			);
			path = View;
			sourceTree = "<group>";
		};
		D22E86422B0FBD0600F5231E /* Cell */ = {
			isa = PBXGroup;
			children = (
				D248CCC22B171C390007B97F /* ColorCell.swift */,
				D248CCC42B171C4C0007B97F /* IconCell.swift */,
			);
			path = Cell;
			sourceTree = "<group>";
		};
		D22E86432B0FBD0E00F5231E /* Ext */ = {
			isa = PBXGroup;
			children = (
				D22E864A2B0FC21100F5231E /* UIColor.ext.swift */,
				D2BB28C02B1869FB00BFF3AB /* UILable.ext.swift */,
			);
			path = Ext;
			sourceTree = "<group>";
		};
/* End PBXGroup section */

/* Begin PBXNativeTarget section */
		D22E86292B0FB9DC00F5231E /* bankcard */ = {
			isa = PBXNativeTarget;
			buildConfigurationList = D22E863E2B0FB9DF00F5231E /* Build configuration list for PBXNativeTarget "bankcard" */;
			buildPhases = (
				D22E86262B0FB9DC00F5231E /* Sources */,
				D22E86272B0FB9DC00F5231E /* Frameworks */,
				D22E86282B0FB9DC00F5231E /* Resources */,
			);
			buildRules = (
			);
			dependencies = (
			);
			name = bankcard;
			productName = bankcard;
			productReference = D22E862A2B0FB9DC00F5231E /* bankcard.app */;
			productType = "com.apple.product-type.application";
		};
/* End PBXNativeTarget section */

/* Begin PBXProject section */
		D22E86222B0FB9DC00F5231E /* Project object */ = {
			isa = PBXProject;
			attributes = {
				BuildIndependentTargetsInParallel = 1;
				LastSwiftUpdateCheck = 1500;
				LastUpgradeCheck = 1500;
				TargetAttributes = {
					D22E86292B0FB9DC00F5231E = {
						CreatedOnToolsVersion = 15.0;
					};
				};
			};
			buildConfigurationList = D22E86252B0FB9DC00F5231E /* Build configuration list for PBXProject "bankcard" */;
			compatibilityVersion = "Xcode 14.0";
			developmentRegion = en;
			hasScannedForEncodings = 0;
			knownRegions = (
				en,
				Base,
			);
			mainGroup = D22E86212B0FB9DC00F5231E;
			productRefGroup = D22E862B2B0FB9DC00F5231E /* Products */;
			projectDirPath = "";
			projectRoot = "";
			targets = (
				D22E86292B0FB9DC00F5231E /* bankcard */,
			);
		};
/* End PBXProject section */

/* Begin PBXResourcesBuildPhase section */
		D22E86282B0FB9DC00F5231E /* Resources */ = {
			isa = PBXResourcesBuildPhase;
			buildActionMask = 2147483647;
			files = (
				D22E863A2B0FB9DF00F5231E /* LaunchScreen.storyboard in Resources */,
				D22E86372B0FB9DF00F5231E /* Assets.xcassets in Resources */,
				D22E86352B0FB9DC00F5231E /* Main.storyboard in Resources */,
			);
			runOnlyForDeploymentPostprocessing = 0;
		};
/* End PBXResourcesBuildPhase section */

/* Begin PBXSourcesBuildPhase section */
		D22E86262B0FB9DC00F5231E /* Sources */ = {
			isa = PBXSourcesBuildPhase;
			buildActionMask = 2147483647;
			files = (
				D22E86322B0FB9DC00F5231E /* ViewController.swift in Sources */,
				D22E862E2B0FB9DC00F5231E /* AppDelegate.swift in Sources */,
				D2BB28C12B1869FB00BFF3AB /* UILable.ext.swift in Sources */,
				D248CCC52B171C4C0007B97F /* IconCell.swift in Sources */,
				D248CCC32B171C390007B97F /* ColorCell.swift in Sources */,
				D22E864B2B0FC21100F5231E /* UIColor.ext.swift in Sources */,
				D22E86452B0FBD2600F5231E /* ViewBuilder.swift in Sources */,
				D22E86472B0FBD6400F5231E /* VIewManager.swift in Sources */,
				D22E86302B0FB9DC00F5231E /* SceneDelegate.swift in Sources */,
			);
			runOnlyForDeploymentPostprocessing = 0;
		};
/* End PBXSourcesBuildPhase section */

/* Begin PBXVariantGroup section */
		D22E86332B0FB9DC00F5231E /* Main.storyboard */ = {
			isa = PBXVariantGroup;
			children = (
				D22E86342B0FB9DC00F5231E /* Base */,
			);
			name = Main.storyboard;
			sourceTree = "<group>";
		};
		D22E86382B0FB9DF00F5231E /* LaunchScreen.storyboard */ = {
			isa = PBXVariantGroup;
			children = (
				D22E86392B0FB9DF00F5231E /* Base */,
			);
			name = LaunchScreen.storyboard;
			sourceTree = "<group>";
		};
/* End PBXVariantGroup section */

/* Begin XCBuildConfiguration section */
		D22E863C2B0FB9DF00F5231E /* Debug */ = {
			isa = XCBuildConfiguration;
			buildSettings = {
				ALWAYS_SEARCH_USER_PATHS = NO;
				ASSETCATALOG_COMPILER_GENERATE_SWIFT_ASSET_SYMBOL_EXTENSIONS = YES;
				CLANG_ANALYZER_NONNULL = YES;
				CLANG_ANALYZER_NUMBER_OBJECT_CONVERSION = YES_AGGRESSIVE;
				CLANG_CXX_LANGUAGE_STANDARD = "gnu++20";
				CLANG_ENABLE_MODULES = YES;
				CLANG_ENABLE_OBJC_ARC = YES;
				CLANG_ENABLE_OBJC_WEAK = YES;
				CLANG_WARN_BLOCK_CAPTURE_AUTORELEASING = YES;
				CLANG_WARN_BOOL_CONVERSION = YES;
				CLANG_WARN_COMMA = YES;
				CLANG_WARN_CONSTANT_CONVERSION = YES;
				CLANG_WARN_DEPRECATED_OBJC_IMPLEMENTATIONS = YES;
				CLANG_WARN_DIRECT_OBJC_ISA_USAGE = YES_ERROR;
				CLANG_WARN_DOCUMENTATION_COMMENTS = YES;
				CLANG_WARN_EMPTY_BODY = YES;
				CLANG_WARN_ENUM_CONVERSION = YES;
				CLANG_WARN_INFINITE_RECURSION = YES;
				CLANG_WARN_INT_CONVERSION = YES;
				CLANG_WARN_NON_LITERAL_NULL_CONVERSION = YES;
				CLANG_WARN_OBJC_IMPLICIT_RETAIN_SELF = YES;
				CLANG_WARN_OBJC_LITERAL_CONVERSION = YES;
				CLANG_WARN_OBJC_ROOT_CLASS = YES_ERROR;
				CLANG_WARN_QUOTED_INCLUDE_IN_FRAMEWORK_HEADER = YES;
				CLANG_WARN_RANGE_LOOP_ANALYSIS = YES;
				CLANG_WARN_STRICT_PROTOTYPES = YES;
				CLANG_WARN_SUSPICIOUS_MOVE = YES;
				CLANG_WARN_UNGUARDED_AVAILABILITY = YES_AGGRESSIVE;
				CLANG_WARN_UNREACHABLE_CODE = YES;
				CLANG_WARN__DUPLICATE_METHOD_MATCH = YES;
				COPY_PHASE_STRIP = NO;
				DEBUG_INFORMATION_FORMAT = dwarf;
				ENABLE_STRICT_OBJC_MSGSEND = YES;
				ENABLE_TESTABILITY = YES;
				ENABLE_USER_SCRIPT_SANDBOXING = YES;
				GCC_C_LANGUAGE_STANDARD = gnu17;
				GCC_DYNAMIC_NO_PIC = NO;
				GCC_NO_COMMON_BLOCKS = YES;
				GCC_OPTIMIZATION_LEVEL = 0;
				GCC_PREPROCESSOR_DEFINITIONS = (
					"DEBUG=1",
					"$(inherited)",
				);
				GCC_WARN_64_TO_32_BIT_CONVERSION = YES;
				GCC_WARN_ABOUT_RETURN_TYPE = YES_ERROR;
				GCC_WARN_UNDECLARED_SELECTOR = YES;
				GCC_WARN_UNINITIALIZED_AUTOS = YES_AGGRESSIVE;
				GCC_WARN_UNUSED_FUNCTION = YES;
				GCC_WARN_UNUSED_VARIABLE = YES;
				IPHONEOS_DEPLOYMENT_TARGET = 17.0;
				LOCALIZATION_PREFERS_STRING_CATALOGS = YES;
				MTL_ENABLE_DEBUG_INFO = INCLUDE_SOURCE;
				MTL_FAST_MATH = YES;
				ONLY_ACTIVE_ARCH = YES;
				SDKROOT = iphoneos;
				SWIFT_ACTIVE_COMPILATION_CONDITIONS = "DEBUG $(inherited)";
				SWIFT_OPTIMIZATION_LEVEL = "-Onone";
			};
			name = Debug;
		};
		D22E863D2B0FB9DF00F5231E /* Release */ = {
			isa = XCBuildConfiguration;
			buildSettings = {
				ALWAYS_SEARCH_USER_PATHS = NO;
				ASSETCATALOG_COMPILER_GENERATE_SWIFT_ASSET_SYMBOL_EXTENSIONS = YES;
				CLANG_ANALYZER_NONNULL = YES;
				CLANG_ANALYZER_NUMBER_OBJECT_CONVERSION = YES_AGGRESSIVE;
				CLANG_CXX_LANGUAGE_STANDARD = "gnu++20";
				CLANG_ENABLE_MODULES = YES;
				CLANG_ENABLE_OBJC_ARC = YES;
				CLANG_ENABLE_OBJC_WEAK = YES;
				CLANG_WARN_BLOCK_CAPTURE_AUTORELEASING = YES;
				CLANG_WARN_BOOL_CONVERSION = YES;
				CLANG_WARN_COMMA = YES;
				CLANG_WARN_CONSTANT_CONVERSION = YES;
				CLANG_WARN_DEPRECATED_OBJC_IMPLEMENTATIONS = YES;
				CLANG_WARN_DIRECT_OBJC_ISA_USAGE = YES_ERROR;
				CLANG_WARN_DOCUMENTATION_COMMENTS = YES;
				CLANG_WARN_EMPTY_BODY = YES;
				CLANG_WARN_ENUM_CONVERSION = YES;
				CLANG_WARN_INFINITE_RECURSION = YES;
				CLANG_WARN_INT_CONVERSION = YES;
				CLANG_WARN_NON_LITERAL_NULL_CONVERSION = YES;
				CLANG_WARN_OBJC_IMPLICIT_RETAIN_SELF = YES;
				CLANG_WARN_OBJC_LITERAL_CONVERSION = YES;
				CLANG_WARN_OBJC_ROOT_CLASS = YES_ERROR;
				CLANG_WARN_QUOTED_INCLUDE_IN_FRAMEWORK_HEADER = YES;
				CLANG_WARN_RANGE_LOOP_ANALYSIS = YES;
				CLANG_WARN_STRICT_PROTOTYPES = YES;
				CLANG_WARN_SUSPICIOUS_MOVE = YES;
				CLANG_WARN_UNGUARDED_AVAILABILITY = YES_AGGRESSIVE;
				CLANG_WARN_UNREACHABLE_CODE = YES;
				CLANG_WARN__DUPLICATE_METHOD_MATCH = YES;
				COPY_PHASE_STRIP = NO;
				DEBUG_INFORMATION_FORMAT = "dwarf-with-dsym";
				ENABLE_NS_ASSERTIONS = NO;
				ENABLE_STRICT_OBJC_MSGSEND = YES;
				ENABLE_USER_SCRIPT_SANDBOXING = YES;
				GCC_C_LANGUAGE_STANDARD = gnu17;
				GCC_NO_COMMON_BLOCKS = YES;
				GCC_WARN_64_TO_32_BIT_CONVERSION = YES;
				GCC_WARN_ABOUT_RETURN_TYPE = YES_ERROR;
				GCC_WARN_UNDECLARED_SELECTOR = YES;
				GCC_WARN_UNINITIALIZED_AUTOS = YES_AGGRESSIVE;
				GCC_WARN_UNUSED_FUNCTION = YES;
				GCC_WARN_UNUSED_VARIABLE = YES;
				IPHONEOS_DEPLOYMENT_TARGET = 17.0;
				LOCALIZATION_PREFERS_STRING_CATALOGS = YES;
				MTL_ENABLE_DEBUG_INFO = NO;
				MTL_FAST_MATH = YES;
				SDKROOT = iphoneos;
				SWIFT_COMPILATION_MODE = wholemodule;
				VALIDATE_PRODUCT = YES;
			};
			name = Release;
		};
		D22E863F2B0FB9DF00F5231E /* Debug */ = {
			isa = XCBuildConfiguration;
			buildSettings = {
				ASSETCATALOG_COMPILER_APPICON_NAME = AppIcon;
				ASSETCATALOG_COMPILER_GLOBAL_ACCENT_COLOR_NAME = AccentColor;
				CODE_SIGN_STYLE = Automatic;
				CURRENT_PROJECT_VERSION = 1;
				DEVELOPMENT_TEAM = 6SG8CN98LU;
				GENERATE_INFOPLIST_FILE = YES;
				INFOPLIST_FILE = bankcard/Info.plist;
				INFOPLIST_KEY_UIApplicationSupportsIndirectInputEvents = YES;
				INFOPLIST_KEY_UILaunchStoryboardName = LaunchScreen;
				INFOPLIST_KEY_UIMainStoryboardFile = Main;
				INFOPLIST_KEY_UISupportedInterfaceOrientations_iPad = "UIInterfaceOrientationPortrait UIInterfaceOrientationPortraitUpsideDown UIInterfaceOrientationLandscapeLeft UIInterfaceOrientationLandscapeRight";
				INFOPLIST_KEY_UISupportedInterfaceOrientations_iPhone = "UIInterfaceOrientationPortrait UIInterfaceOrientationLandscapeLeft UIInterfaceOrientationLandscapeRight";
				LD_RUNPATH_SEARCH_PATHS = (
					"$(inherited)",
					"@executable_path/Frameworks",
				);
				MARKETING_VERSION = 1.0;
				PRODUCT_BUNDLE_IDENTIFIER = uz.credaagency.bankcard;
				PRODUCT_NAME = "$(TARGET_NAME)";
				SUPPORTED_PLATFORMS = "iphoneos iphonesimulator";
				SUPPORTS_MACCATALYST = NO;
				SUPPORTS_MAC_DESIGNED_FOR_IPHONE_IPAD = NO;
				SWIFT_EMIT_LOC_STRINGS = YES;
				SWIFT_VERSION = 5.0;
				TARGETED_DEVICE_FAMILY = "1,2";
			};
			name = Debug;
		};
		D22E86402B0FB9DF00F5231E /* Release */ = {
			isa = XCBuildConfiguration;
			buildSettings = {
				ASSETCATALOG_COMPILER_APPICON_NAME = AppIcon;
				ASSETCATALOG_COMPILER_GLOBAL_ACCENT_COLOR_NAME = AccentColor;
				CODE_SIGN_STYLE = Automatic;
				CURRENT_PROJECT_VERSION = 1;
				DEVELOPMENT_TEAM = 6SG8CN98LU;
				GENERATE_INFOPLIST_FILE = YES;
				INFOPLIST_FILE = bankcard/Info.plist;
				INFOPLIST_KEY_UIApplicationSupportsIndirectInputEvents = YES;
				INFOPLIST_KEY_UILaunchStoryboardName = LaunchScreen;
				INFOPLIST_KEY_UIMainStoryboardFile = Main;
				INFOPLIST_KEY_UISupportedInterfaceOrientations_iPad = "UIInterfaceOrientationPortrait UIInterfaceOrientationPortraitUpsideDown UIInterfaceOrientationLandscapeLeft UIInterfaceOrientationLandscapeRight";
				INFOPLIST_KEY_UISupportedInterfaceOrientations_iPhone = "UIInterfaceOrientationPortrait UIInterfaceOrientationLandscapeLeft UIInterfaceOrientationLandscapeRight";
				LD_RUNPATH_SEARCH_PATHS = (
					"$(inherited)",
					"@executable_path/Frameworks",
				);
				MARKETING_VERSION = 1.0;
				PRODUCT_BUNDLE_IDENTIFIER = uz.credaagency.bankcard;
				PRODUCT_NAME = "$(TARGET_NAME)";
				SUPPORTED_PLATFORMS = "iphoneos iphonesimulator";
				SUPPORTS_MACCATALYST = NO;
				SUPPORTS_MAC_DESIGNED_FOR_IPHONE_IPAD = NO;
				SWIFT_EMIT_LOC_STRINGS = YES;
				SWIFT_VERSION = 5.0;
				TARGETED_DEVICE_FAMILY = "1,2";
			};
			name = Release;
		};
/* End XCBuildConfiguration section */

/* Begin XCConfigurationList section */
		D22E86252B0FB9DC00F5231E /* Build configuration list for PBXProject "bankcard" */ = {
			isa = XCConfigurationList;
			buildConfigurations = (
				D22E863C2B0FB9DF00F5231E /* Debug */,
				D22E863D2B0FB9DF00F5231E /* Release */,
			);
			defaultConfigurationIsVisible = 0;
			defaultConfigurationName = Release;
		};
		D22E863E2B0FB9DF00F5231E /* Build configuration list for PBXNativeTarget "bankcard" */ = {
			isa = XCConfigurationList;
			buildConfigurations = (
				D22E863F2B0FB9DF00F5231E /* Debug */,
				D22E86402B0FB9DF00F5231E /* Release */,
			);
			defaultConfigurationIsVisible = 0;
			defaultConfigurationName = Release;
		};
/* End XCConfigurationList section */
	};
	rootObject = D22E86222B0FB9DC00F5231E /* Project object */;
}
